
Microsoft Visual Studio Solution File, Format Version 12.00
# Visual Studio 15
VisualStudioVersion = 15.0.28010.2036
MinimumVisualStudioVersion = 10.0.40219.1
Project("{E24C65DC-7377-472B-9ABA-BC803B73C61A}") = "TP-MASTERPAGE", "TP-MASTERPAGE\", "{B5225CDB-4CA8-47A2-8504-6CC3BB2975AD}"
	ProjectSection(WebsiteProperties) = preProject
		TargetFrameworkMoniker = ".NETFramework,Version%3Dv4.5"
		Debug.AspNetCompiler.VirtualPath = "/localhost_10827"
		Debug.AspNetCompiler.PhysicalPath = "TP-MASTERPAGE\"
		Debug.AspNetCompiler.TargetPath = "PrecompiledWeb\localhost_10827\"
		Debug.AspNetCompiler.Updateable = "true"
		Debug.AspNetCompiler.ForceOverwrite = "true"
		Debug.AspNetCompiler.FixedNames = "false"
		Debug.AspNetCompiler.Debug = "True"
		Release.AspNetCompiler.VirtualPath = "/localhost_10827"
		Release.AspNetCompiler.PhysicalPath = "TP-MASTERPAGE\"
		Release.AspNetCompiler.TargetPath = "PrecompiledWeb\localhost_10827\"
		Release.AspNetCompiler.Updateable = "true"
		Release.AspNetCompiler.ForceOverwrite = "true"
		Release.AspNetCompiler.FixedNames = "false"
		Release.AspNetCompiler.Debug = "False"
		VWDPort = "10827"
		SlnRelativePath = "TP-MASTERPAGE\"
		DefaultWebSiteLanguage = "Visual C#"
	EndProjectSection
EndProject
Global
	GlobalSection(SolutionConfigurationPlatforms) = preSolution
		Debug|Any CPU = Debug|Any CPU
	EndGlobalSection
	GlobalSection(ProjectConfigurationPlatforms) = postSolution
		{B5225CDB-4CA8-47A2-8504-6CC3BB2975AD}.Debug|Any CPU.ActiveCfg = Debug|Any CPU
		{B5225CDB-4CA8-47A2-8504-6CC3BB2975AD}.Debug|Any CPU.Build.0 = Debug|Any CPU
	EndGlobalSection
	GlobalSection(SolutionProperties) = preSolution
		HideSolutionNode = FALSE
	EndGlobalSection
	GlobalSection(ExtensibilityGlobals) = postSolution
		SolutionGuid = {1B71AD14-7A4D-4C1E-99E0-A81A2C18D7FA}
	EndGlobalSection
EndGlobal
