
Microsoft Visual Studio Solution File, Format Version 12.00
# Visual Studio 15
VisualStudioVersion = 15.0.28010.2016
MinimumVisualStudioVersion = 10.0.40219.1
Project("{FAE04EC0-301F-11D3-BF4B-00C04F79EFBC}") = "Hilos", "Hilos\Hilos.csproj", "{EAF7BCB5-3C55-4A4A-9138-6A13B9D7C344}"
EndProject
Global
	GlobalSection(SolutionConfigurationPlatforms) = preSolution
		Debug|Any CPU = Debug|Any CPU
		Release|Any CPU = Release|Any CPU
	EndGlobalSection
	GlobalSection(ProjectConfigurationPlatforms) = postSolution
		{EAF7BCB5-3C55-4A4A-9138-6A13B9D7C344}.Debug|Any CPU.ActiveCfg = Debug|Any CPU
		{EAF7BCB5-3C55-4A4A-9138-6A13B9D7C344}.Debug|Any CPU.Build.0 = Debug|Any CPU
		{EAF7BCB5-3C55-4A4A-9138-6A13B9D7C344}.Release|Any CPU.ActiveCfg = Release|Any CPU
		{EAF7BCB5-3C55-4A4A-9138-6A13B9D7C344}.Release|Any CPU.Build.0 = Release|Any CPU
	EndGlobalSection
	GlobalSection(SolutionProperties) = preSolution
		HideSolutionNode = FALSE
	EndGlobalSection
	GlobalSection(ExtensibilityGlobals) = postSolution
		SolutionGuid = {653AA60D-45CB-4B8E-ACE1-5045A810E6C2}
	EndGlobalSection
EndGlobal
