
Microsoft Visual Studio Solution File, Format Version 12.00
# Visual Studio 15
VisualStudioVersion = 15.0.28010.2016
MinimumVisualStudioVersion = 10.0.40219.1
Project("{FAE04EC0-301F-11D3-BF4B-00C04F79EFBC}") = "Fraccion", "Fraccion\Fraccion.csproj", "{21AE78B7-E501-4432-AF94-B373F841C48B}"
EndProject
Global
	GlobalSection(SolutionConfigurationPlatforms) = preSolution
		Debug|Any CPU = Debug|Any CPU
		Release|Any CPU = Release|Any CPU
	EndGlobalSection
	GlobalSection(ProjectConfigurationPlatforms) = postSolution
		{21AE78B7-E501-4432-AF94-B373F841C48B}.Debug|Any CPU.ActiveCfg = Debug|Any CPU
		{21AE78B7-E501-4432-AF94-B373F841C48B}.Debug|Any CPU.Build.0 = Debug|Any CPU
		{21AE78B7-E501-4432-AF94-B373F841C48B}.Release|Any CPU.ActiveCfg = Release|Any CPU
		{21AE78B7-E501-4432-AF94-B373F841C48B}.Release|Any CPU.Build.0 = Release|Any CPU
	EndGlobalSection
	GlobalSection(SolutionProperties) = preSolution
		HideSolutionNode = FALSE
	EndGlobalSection
	GlobalSection(ExtensibilityGlobals) = postSolution
		SolutionGuid = {89FC8DCD-FA40-4BC1-A270-3CBF163FB6DE}
	EndGlobalSection
EndGlobal
