
Microsoft Visual Studio Solution File, Format Version 12.00
# Visual Studio 15
VisualStudioVersion = 15.0.28010.2016
MinimumVisualStudioVersion = 10.0.40219.1
Project("{FAE04EC0-301F-11D3-BF4B-00C04F79EFBC}") = "DividePorCero", "DividePorCero\DividePorCero.csproj", "{BB549DFD-2322-410B-A1C1-B6891E10004A}"
EndProject
Global
	GlobalSection(SolutionConfigurationPlatforms) = preSolution
		Debug|Any CPU = Debug|Any CPU
		Release|Any CPU = Release|Any CPU
	EndGlobalSection
	GlobalSection(ProjectConfigurationPlatforms) = postSolution
		{BB549DFD-2322-410B-A1C1-B6891E10004A}.Debug|Any CPU.ActiveCfg = Debug|Any CPU
		{BB549DFD-2322-410B-A1C1-B6891E10004A}.Debug|Any CPU.Build.0 = Debug|Any CPU
		{BB549DFD-2322-410B-A1C1-B6891E10004A}.Release|Any CPU.ActiveCfg = Release|Any CPU
		{BB549DFD-2322-410B-A1C1-B6891E10004A}.Release|Any CPU.Build.0 = Release|Any CPU
	EndGlobalSection
	GlobalSection(SolutionProperties) = preSolution
		HideSolutionNode = FALSE
	EndGlobalSection
	GlobalSection(ExtensibilityGlobals) = postSolution
		SolutionGuid = {69C8CB75-ADB8-4499-865F-F9F95D0ADD9D}
	EndGlobalSection
EndGlobal
