
Microsoft Visual Studio Solution File, Format Version 12.00
# Visual Studio 15
VisualStudioVersion = 15.0.28010.2016
MinimumVisualStudioVersion = 10.0.40219.1
Project("{FAE04EC0-301F-11D3-BF4B-00C04F79EFBC}") = "Encapsulamiento", "Objetos\Encapsulamiento.csproj", "{B9682B26-6CBD-41D2-AE9A-5582320E08FB}"
EndProject
Global
	GlobalSection(SolutionConfigurationPlatforms) = preSolution
		Debug|Any CPU = Debug|Any CPU
		Release|Any CPU = Release|Any CPU
	EndGlobalSection
	GlobalSection(ProjectConfigurationPlatforms) = postSolution
		{B9682B26-6CBD-41D2-AE9A-5582320E08FB}.Debug|Any CPU.ActiveCfg = Debug|Any CPU
		{B9682B26-6CBD-41D2-AE9A-5582320E08FB}.Debug|Any CPU.Build.0 = Debug|Any CPU
		{B9682B26-6CBD-41D2-AE9A-5582320E08FB}.Release|Any CPU.ActiveCfg = Release|Any CPU
		{B9682B26-6CBD-41D2-AE9A-5582320E08FB}.Release|Any CPU.Build.0 = Release|Any CPU
	EndGlobalSection
	GlobalSection(SolutionProperties) = preSolution
		HideSolutionNode = FALSE
	EndGlobalSection
	GlobalSection(ExtensibilityGlobals) = postSolution
		SolutionGuid = {76ED89D5-C7B6-412A-BD3B-53E5CF6DEC0E}
	EndGlobalSection
EndGlobal
