
Microsoft Visual Studio Solution File, Format Version 12.00
# Visual Studio 15
VisualStudioVersion = 15.0.28010.2041
MinimumVisualStudioVersion = 10.0.40219.1
Project("{E24C65DC-7377-472B-9ABA-BC803B73C61A}") = "TP_Controles_de_Usuario", "TP_Controles_de_Usuario\", "{B1B98239-8E0C-4E56-B8DF-AF3D43E11DAE}"
	ProjectSection(WebsiteProperties) = preProject
		TargetFrameworkMoniker = ".NETFramework,Version%3Dv4.6.1"
		Debug.AspNetCompiler.VirtualPath = "/localhost_49276"
		Debug.AspNetCompiler.PhysicalPath = "TP_Controles_de_Usuario\"
		Debug.AspNetCompiler.TargetPath = "PrecompiledWeb\localhost_49276\"
		Debug.AspNetCompiler.Updateable = "true"
		Debug.AspNetCompiler.ForceOverwrite = "true"
		Debug.AspNetCompiler.FixedNames = "false"
		Debug.AspNetCompiler.Debug = "True"
		Release.AspNetCompiler.VirtualPath = "/localhost_49276"
		Release.AspNetCompiler.PhysicalPath = "TP_Controles_de_Usuario\"
		Release.AspNetCompiler.TargetPath = "PrecompiledWeb\localhost_49276\"
		Release.AspNetCompiler.Updateable = "true"
		Release.AspNetCompiler.ForceOverwrite = "true"
		Release.AspNetCompiler.FixedNames = "false"
		Release.AspNetCompiler.Debug = "False"
		VWDPort = "49276"
		SlnRelativePath = "TP_Controles_de_Usuario\"
		DefaultWebSiteLanguage = "Visual C#"
	EndProjectSection
EndProject
Global
	GlobalSection(SolutionConfigurationPlatforms) = preSolution
		Debug|Any CPU = Debug|Any CPU
	EndGlobalSection
	GlobalSection(ProjectConfigurationPlatforms) = postSolution
		{B1B98239-8E0C-4E56-B8DF-AF3D43E11DAE}.Debug|Any CPU.ActiveCfg = Debug|Any CPU
		{B1B98239-8E0C-4E56-B8DF-AF3D43E11DAE}.Debug|Any CPU.Build.0 = Debug|Any CPU
	EndGlobalSection
	GlobalSection(SolutionProperties) = preSolution
		HideSolutionNode = FALSE
	EndGlobalSection
	GlobalSection(ExtensibilityGlobals) = postSolution
		SolutionGuid = {09BFAE9E-8FAF-4AA3-AAD4-B6AB7323FFA1}
	EndGlobalSection
EndGlobal
