
Microsoft Visual Studio Solution File, Format Version 12.00
# Visual Studio 15
VisualStudioVersion = 15.0.26430.16
MinimumVisualStudioVersion = 10.0.40219.1
Project("{FAE04EC0-301F-11D3-BF4B-00C04F79EFBC}") = "TPWindowsFormEj3", "TPWindowsFormEj3\TPWindowsFormEj3.csproj", "{223CD94E-5E5F-4AF1-8CF5-5FC0196A04AD}"
EndProject
Project("{FAE04EC0-301F-11D3-BF4B-00C04F79EFBC}") = "PruebaTextBoxNum", "PruebaTextBoxNum\PruebaTextBoxNum.csproj", "{0E734569-F513-444F-923F-6F39E64C0889}"
EndProject
Global
	GlobalSection(SolutionConfigurationPlatforms) = preSolution
		Debug|Any CPU = Debug|Any CPU
		Release|Any CPU = Release|Any CPU
	EndGlobalSection
	GlobalSection(ProjectConfigurationPlatforms) = postSolution
		{223CD94E-5E5F-4AF1-8CF5-5FC0196A04AD}.Debug|Any CPU.ActiveCfg = Debug|Any CPU
		{223CD94E-5E5F-4AF1-8CF5-5FC0196A04AD}.Debug|Any CPU.Build.0 = Debug|Any CPU
		{223CD94E-5E5F-4AF1-8CF5-5FC0196A04AD}.Release|Any CPU.ActiveCfg = Release|Any CPU
		{223CD94E-5E5F-4AF1-8CF5-5FC0196A04AD}.Release|Any CPU.Build.0 = Release|Any CPU
		{0E734569-F513-444F-923F-6F39E64C0889}.Debug|Any CPU.ActiveCfg = Debug|Any CPU
		{0E734569-F513-444F-923F-6F39E64C0889}.Debug|Any CPU.Build.0 = Debug|Any CPU
		{0E734569-F513-444F-923F-6F39E64C0889}.Release|Any CPU.ActiveCfg = Release|Any CPU
		{0E734569-F513-444F-923F-6F39E64C0889}.Release|Any CPU.Build.0 = Release|Any CPU
	EndGlobalSection
	GlobalSection(SolutionProperties) = preSolution
		HideSolutionNode = FALSE
	EndGlobalSection
EndGlobal
