
Microsoft Visual Studio Solution File, Format Version 12.00
# Visual Studio 15
VisualStudioVersion = 15.0.28010.2041
MinimumVisualStudioVersion = 10.0.40219.1
Project("{E24C65DC-7377-472B-9ABA-BC803B73C61A}") = "TPValidandoASP", "TPValidandoASP\", "{F0B38533-AFA0-4788-9A26-A63F4610E048}"
	ProjectSection(WebsiteProperties) = preProject
		TargetFrameworkMoniker = ".NETFramework,Version%3Dv4.6.1"
		Debug.AspNetCompiler.VirtualPath = "/localhost_49234"
		Debug.AspNetCompiler.PhysicalPath = "TPValidandoASP\"
		Debug.AspNetCompiler.TargetPath = "PrecompiledWeb\localhost_49234\"
		Debug.AspNetCompiler.Updateable = "true"
		Debug.AspNetCompiler.ForceOverwrite = "true"
		Debug.AspNetCompiler.FixedNames = "false"
		Debug.AspNetCompiler.Debug = "True"
		Release.AspNetCompiler.VirtualPath = "/localhost_49234"
		Release.AspNetCompiler.PhysicalPath = "TPValidandoASP\"
		Release.AspNetCompiler.TargetPath = "PrecompiledWeb\localhost_49234\"
		Release.AspNetCompiler.Updateable = "true"
		Release.AspNetCompiler.ForceOverwrite = "true"
		Release.AspNetCompiler.FixedNames = "false"
		Release.AspNetCompiler.Debug = "False"
		VWDPort = "49234"
		SlnRelativePath = "TPValidandoASP\"
		DefaultWebSiteLanguage = "Visual C#"
	EndProjectSection
EndProject
Global
	GlobalSection(SolutionConfigurationPlatforms) = preSolution
		Debug|Any CPU = Debug|Any CPU
	EndGlobalSection
	GlobalSection(ProjectConfigurationPlatforms) = postSolution
		{F0B38533-AFA0-4788-9A26-A63F4610E048}.Debug|Any CPU.ActiveCfg = Debug|Any CPU
		{F0B38533-AFA0-4788-9A26-A63F4610E048}.Debug|Any CPU.Build.0 = Debug|Any CPU
	EndGlobalSection
	GlobalSection(SolutionProperties) = preSolution
		HideSolutionNode = FALSE
	EndGlobalSection
	GlobalSection(ExtensibilityGlobals) = postSolution
		SolutionGuid = {5CDD8321-8079-4915-A2B1-FA20676125EF}
	EndGlobalSection
EndGlobal
