
Microsoft Visual Studio Solution File, Format Version 12.00
# Visual Studio 15
VisualStudioVersion = 15.0.28010.2016
MinimumVisualStudioVersion = 10.0.40219.1
Project("{FAE04EC0-301F-11D3-BF4B-00C04F79EFBC}") = "Saludos", "Saludos\Saludos.csproj", "{9F945B66-45CC-4AB9-8B3F-C36D4E9CE12C}"
EndProject
Global
	GlobalSection(SolutionConfigurationPlatforms) = preSolution
		Debug|Any CPU = Debug|Any CPU
		Release|Any CPU = Release|Any CPU
	EndGlobalSection
	GlobalSection(ProjectConfigurationPlatforms) = postSolution
		{9F945B66-45CC-4AB9-8B3F-C36D4E9CE12C}.Debug|Any CPU.ActiveCfg = Debug|Any CPU
		{9F945B66-45CC-4AB9-8B3F-C36D4E9CE12C}.Debug|Any CPU.Build.0 = Debug|Any CPU
		{9F945B66-45CC-4AB9-8B3F-C36D4E9CE12C}.Release|Any CPU.ActiveCfg = Release|Any CPU
		{9F945B66-45CC-4AB9-8B3F-C36D4E9CE12C}.Release|Any CPU.Build.0 = Release|Any CPU
	EndGlobalSection
	GlobalSection(SolutionProperties) = preSolution
		HideSolutionNode = FALSE
	EndGlobalSection
	GlobalSection(ExtensibilityGlobals) = postSolution
		SolutionGuid = {6EBEED0F-477E-4757-A717-F94272162EFE}
	EndGlobalSection
EndGlobal
