
Microsoft Visual Studio Solution File, Format Version 12.00
# Visual Studio 15
VisualStudioVersion = 15.0.28010.2036
MinimumVisualStudioVersion = 10.0.40219.1
Project("{FAE04EC0-301F-11D3-BF4B-00C04F79EFBC}") = "TP LINQ ABM", "TP LINQ ABM\TP LINQ ABM.csproj", "{39067094-AA59-4AE6-8DD0-E63E59E82088}"
EndProject
Global
	GlobalSection(SolutionConfigurationPlatforms) = preSolution
		Debug|Any CPU = Debug|Any CPU
		Release|Any CPU = Release|Any CPU
	EndGlobalSection
	GlobalSection(ProjectConfigurationPlatforms) = postSolution
		{39067094-AA59-4AE6-8DD0-E63E59E82088}.Debug|Any CPU.ActiveCfg = Debug|Any CPU
		{39067094-AA59-4AE6-8DD0-E63E59E82088}.Debug|Any CPU.Build.0 = Debug|Any CPU
		{39067094-AA59-4AE6-8DD0-E63E59E82088}.Release|Any CPU.ActiveCfg = Release|Any CPU
		{39067094-AA59-4AE6-8DD0-E63E59E82088}.Release|Any CPU.Build.0 = Release|Any CPU
	EndGlobalSection
	GlobalSection(SolutionProperties) = preSolution
		HideSolutionNode = FALSE
	EndGlobalSection
	GlobalSection(ExtensibilityGlobals) = postSolution
		SolutionGuid = {1AAECDB2-CC4D-44C7-960D-75293BE8611C}
	EndGlobalSection
EndGlobal
